// !$*UTF8*$!
{
	archiveVersion = 1;
	classes = {
	};
	objectVersion = 50;
	objects = {

/* Begin PBXBuildFile section */
		1B4FFBE022577749004673D8 /* AppDelegate.swift in Sources */ = {isa = PBXBuildFile; fileRef = 1B4FFBDF22577749004673D8 /* AppDelegate.swift */; };
		1B4FFBE222577749004673D8 /* ViewController.swift in Sources */ = {isa = PBXBuildFile; fileRef = 1B4FFBE122577749004673D8 /* ViewController.swift */; };
		1B4FFBE522577749004673D8 /* Main.storyboard in Resources */ = {isa = PBXBuildFile; fileRef = 1B4FFBE322577749004673D8 /* Main.storyboard */; };
		1B4FFBE72257774B004673D8 /* Assets.xcassets in Resources */ = {isa = PBXBuildFile; fileRef = 1B4FFBE62257774B004673D8 /* Assets.xcassets */; };
		1B4FFBEA2257774B004673D8 /* LaunchScreen.storyboard in Resources */ = {isa = PBXBuildFile; fileRef = 1B4FFBE82257774B004673D8 /* LaunchScreen.storyboard */; };
		1B4FFBF32257830F004673D8 /* HFLoader.swift in Sources */ = {isa = PBXBuildFile; fileRef = 1B4FFBF22257830F004673D8 /* HFLoader.swift */; };
/* End PBXBuildFile section */

/* Begin PBXFileReference section */
		1B4FFBDC22577749004673D8 /* loaderUsingAnimations.app */ = {isa = PBXFileReference; explicitFileType = wrapper.application; includeInIndex = 0; path = loaderUsingAnimations.app; sourceTree = BUILT_PRODUCTS_DIR; };
		1B4FFBDF22577749004673D8 /* AppDelegate.swift */ = {isa = PBXFileReference; lastKnownFileType = sourcecode.swift; path = AppDelegate.swift; sourceTree = "<group>"; };
		1B4FFBE122577749004673D8 /* ViewController.swift */ = {isa = PBXFileReference; lastKnownFileType = sourcecode.swift; path = ViewController.swift; sourceTree = "<group>"; };
		1B4FFBE422577749004673D8 /* Base */ = {isa = PBXFileReference; lastKnownFileType = file.storyboard; name = Base; path = Base.lproj/Main.storyboard; sourceTree = "<group>"; };
		1B4FFBE62257774B004673D8 /* Assets.xcassets */ = {isa = PBXFileReference; lastKnownFileType = folder.assetcatalog; path = Assets.xcassets; sourceTree = "<group>"; };
		1B4FFBE92257774B004673D8 /* Base */ = {isa = PBXFileReference; lastKnownFileType = file.storyboard; name = Base; path = Base.lproj/LaunchScreen.storyboard; sourceTree = "<group>"; };
		1B4FFBEB2257774B004673D8 /* Info.plist */ = {isa = PBXFileReference; lastKnownFileType = text.plist.xml; path = Info.plist; sourceTree = "<group>"; };
		1B4FFBF22257830F004673D8 /* HFLoader.swift */ = {isa = PBXFileReference; lastKnownFileType = sourcecode.swift; path = HFLoader.swift; sourceTree = "<group>"; };
/* End PBXFileReference section */

/* Begin PBXFrameworksBuildPhase section */
		1B4FFBD922577749004673D8 /* Frameworks */ = {
			isa = PBXFrameworksBuildPhase;
			buildActionMask = 2147483647;
			files = (
			);
			runOnlyForDeploymentPostprocessing = 0;
		};
/* End PBXFrameworksBuildPhase section */

/* Begin PBXGroup section */
		1B1B19E622613B4800D1D246 /* App Delegate */ = {
			isa = PBXGroup;
			children = (
				1B4FFBDF22577749004673D8 /* AppDelegate.swift */,
			);
			path = "App Delegate";
			sourceTree = "<group>";
		};
		1B1B19E722613B5900D1D246 /* VC */ = {
			isa = PBXGroup;
			children = (
				1B4FFBE122577749004673D8 /* ViewController.swift */,
			);
			path = VC;
			sourceTree = "<group>";
		};
		1B1B19E822613B6000D1D246 /* UI */ = {
			isa = PBXGroup;
			children = (
				1B4FFBE322577749004673D8 /* Main.storyboard */,
				1B4FFBE82257774B004673D8 /* LaunchScreen.storyboard */,
			);
			path = UI;
			sourceTree = "<group>";
		};
		1B1B19E922613B6900D1D246 /* Supporting Files */ = {
			isa = PBXGroup;
			children = (
				1B4FFBE62257774B004673D8 /* Assets.xcassets */,
			);
			path = "Supporting Files";
			sourceTree = "<group>";
		};
		1B4FFBD322577749004673D8 = {
			isa = PBXGroup;
			children = (
				1B4FFBDE22577749004673D8 /* loaderUsingAnimations */,
				1B4FFBDD22577749004673D8 /* Products */,
			);
			sourceTree = "<group>";
		};
		1B4FFBDD22577749004673D8 /* Products */ = {
			isa = PBXGroup;
			children = (
				1B4FFBDC22577749004673D8 /* loaderUsingAnimations.app */,
			);
			name = Products;
			sourceTree = "<group>";
		};
		1B4FFBDE22577749004673D8 /* loaderUsingAnimations */ = {
			isa = PBXGroup;
			children = (
				1B1B19E622613B4800D1D246 /* App Delegate */,
				1B1B19E822613B6000D1D246 /* UI */,
				1B1B19E722613B5900D1D246 /* VC */,
				1B4FFBF1225782EC004673D8 /* customClasses */,
				1B1B19E922613B6900D1D246 /* Supporting Files */,
				1B4FFBEB2257774B004673D8 /* Info.plist */,
			);
			path = loaderUsingAnimations;
			sourceTree = "<group>";
		};
		1B4FFBF1225782EC004673D8 /* customClasses */ = {
			isa = PBXGroup;
			children = (
				1B4FFBF22257830F004673D8 /* HFLoader.swift */,
			);
			path = customClasses;
			sourceTree = "<group>";
		};
/* End PBXGroup section */

/* Begin PBXNativeTarget section */
		1B4FFBDB22577749004673D8 /* loaderUsingAnimations */ = {
			isa = PBXNativeTarget;
			buildConfigurationList = 1B4FFBEE2257774B004673D8 /* Build configuration list for PBXNativeTarget "loaderUsingAnimations" */;
			buildPhases = (
				1B4FFBD822577749004673D8 /* Sources */,
				1B4FFBD922577749004673D8 /* Frameworks */,
				1B4FFBDA22577749004673D8 /* Resources */,
			);
			buildRules = (
			);
			dependencies = (
			);
			name = loaderUsingAnimations;
			productName = loaderUsingAnimations;
			productReference = 1B4FFBDC22577749004673D8 /* loaderUsingAnimations.app */;
			productType = "com.apple.product-type.application";
		};
/* End PBXNativeTarget section */

/* Begin PBXProject section */
		1B4FFBD422577749004673D8 /* Project object */ = {
			isa = PBXProject;
			attributes = {
				LastSwiftUpdateCheck = 1020;
				LastUpgradeCheck = 1020;
				ORGANIZATIONNAME = "Hamza Farooq";
				TargetAttributes = {
					1B4FFBDB22577749004673D8 = {
						CreatedOnToolsVersion = 10.2;
					};
				};
			};
			buildConfigurationList = 1B4FFBD722577749004673D8 /* Build configuration list for PBXProject "loaderUsingAnimations" */;
			compatibilityVersion = "Xcode 9.3";
			developmentRegion = en;
			hasScannedForEncodings = 0;
			knownRegions = (
				en,
				Base,
			);
			mainGroup = 1B4FFBD322577749004673D8;
			productRefGroup = 1B4FFBDD22577749004673D8 /* Products */;
			projectDirPath = "";
			projectRoot = "";
			targets = (
				1B4FFBDB22577749004673D8 /* loaderUsingAnimations */,
			);
		};
/* End PBXProject section */

/* Begin PBXResourcesBuildPhase section */
		1B4FFBDA22577749004673D8 /* Resources */ = {
			isa = PBXResourcesBuildPhase;
			buildActionMask = 2147483647;
			files = (
				1B4FFBEA2257774B004673D8 /* LaunchScreen.storyboard in Resources */,
				1B4FFBE72257774B004673D8 /* Assets.xcassets in Resources */,
				1B4FFBE522577749004673D8 /* Main.storyboard in Resources */,
			);
			runOnlyForDeploymentPostprocessing = 0;
		};
/* End PBXResourcesBuildPhase section */

/* Begin PBXSourcesBuildPhase section */
		1B4FFBD822577749004673D8 /* Sources */ = {
			isa = PBXSourcesBuildPhase;
			buildActionMask = 2147483647;
			files = (
				1B4FFBE222577749004673D8 /* ViewController.swift in Sources */,
				1B4FFBF32257830F004673D8 /* HFLoader.swift in Sources */,
				1B4FFBE022577749004673D8 /* AppDelegate.swift in Sources */,
			);
			runOnlyForDeploymentPostprocessing = 0;
		};
/* End PBXSourcesBuildPhase section */

/* Begin PBXVariantGroup section */
		1B4FFBE322577749004673D8 /* Main.storyboard */ = {
			isa = PBXVariantGroup;
			children = (
				1B4FFBE422577749004673D8 /* Base */,
			);
			name = Main.storyboard;
			sourceTree = "<group>";
		};
		1B4FFBE82257774B004673D8 /* LaunchScreen.storyboard */ = {
			isa = PBXVariantGroup;
			children = (
				1B4FFBE92257774B004673D8 /* Base */,
			);
			name = LaunchScreen.storyboard;
			sourceTree = "<group>";
		};
/* End PBXVariantGroup section */

/* Begin XCBuildConfiguration section */
		1B4FFBEC2257774B004673D8 /* Debug */ = {
			isa = XCBuildConfiguration;
			buildSettings = {
				ALWAYS_SEARCH_USER_PATHS = NO;
				CLANG_ANALYZER_NONNULL = YES;
				CLANG_ANALYZER_NUMBER_OBJECT_CONVERSION = YES_AGGRESSIVE;
				CLANG_CXX_LANGUAGE_STANDARD = "gnu++14";
				CLANG_CXX_LIBRARY = "libc++";
				CLANG_ENABLE_MODULES = YES;
				CLANG_ENABLE_OBJC_ARC = YES;
				CLANG_ENABLE_OBJC_WEAK = YES;
				CLANG_WARN_BLOCK_CAPTURE_AUTORELEASING = YES;
				CLANG_WARN_BOOL_CONVERSION = YES;
				CLANG_WARN_COMMA = YES;
				CLANG_WARN_CONSTANT_CONVERSION = YES;
				CLANG_WARN_DEPRECATED_OBJC_IMPLEMENTATIONS = YES;
				CLANG_WARN_DIRECT_OBJC_ISA_USAGE = YES_ERROR;
				CLANG_WARN_DOCUMENTATION_COMMENTS = YES;
				CLANG_WARN_EMPTY_BODY = YES;
				CLANG_WARN_ENUM_CONVERSION = YES;
				CLANG_WARN_INFINITE_RECURSION = YES;
				CLANG_WARN_INT_CONVERSION = YES;
				CLANG_WARN_NON_LITERAL_NULL_CONVERSION = YES;
				CLANG_WARN_OBJC_IMPLICIT_RETAIN_SELF = YES;
				CLANG_WARN_OBJC_LITERAL_CONVERSION = YES;
				CLANG_WARN_OBJC_ROOT_CLASS = YES_ERROR;
				CLANG_WARN_RANGE_LOOP_ANALYSIS = YES;
				CLANG_WARN_STRICT_PROTOTYPES = YES;
				CLANG_WARN_SUSPICIOUS_MOVE = YES;
				CLANG_WARN_UNGUARDED_AVAILABILITY = YES_AGGRESSIVE;
				CLANG_WARN_UNREACHABLE_CODE = YES;
				CLANG_WARN__DUPLICATE_METHOD_MATCH = YES;
				CODE_SIGN_IDENTITY = "iPhone Developer";
				COPY_PHASE_STRIP = NO;
				DEBUG_INFORMATION_FORMAT = dwarf;
				ENABLE_STRICT_OBJC_MSGSEND = YES;
				ENABLE_TESTABILITY = YES;
				GCC_C_LANGUAGE_STANDARD = gnu11;
				GCC_DYNAMIC_NO_PIC = NO;
				GCC_NO_COMMON_BLOCKS = YES;
				GCC_OPTIMIZATION_LEVEL = 0;
				GCC_PREPROCESSOR_DEFINITIONS = (
					"DEBUG=1",
					"$(inherited)",
				);
				GCC_WARN_64_TO_32_BIT_CONVERSION = YES;
				GCC_WARN_ABOUT_RETURN_TYPE = YES_ERROR;
				GCC_WARN_UNDECLARED_SELECTOR = YES;
				GCC_WARN_UNINITIALIZED_AUTOS = YES_AGGRESSIVE;
				GCC_WARN_UNUSED_FUNCTION = YES;
				GCC_WARN_UNUSED_VARIABLE = YES;
				IPHONEOS_DEPLOYMENT_TARGET = 12.2;
				MTL_ENABLE_DEBUG_INFO = INCLUDE_SOURCE;
				MTL_FAST_MATH = YES;
				ONLY_ACTIVE_ARCH = YES;
				SDKROOT = iphoneos;
				SWIFT_ACTIVE_COMPILATION_CONDITIONS = DEBUG;
				SWIFT_OPTIMIZATION_LEVEL = "-Onone";
			};
			name = Debug;
		};
		1B4FFBED2257774B004673D8 /* Release */ = {
			isa = XCBuildConfiguration;
			buildSettings = {
				ALWAYS_SEARCH_USER_PATHS = NO;
				CLANG_ANALYZER_NONNULL = YES;
				CLANG_ANALYZER_NUMBER_OBJECT_CONVERSION = YES_AGGRESSIVE;
				CLANG_CXX_LANGUAGE_STANDARD = "gnu++14";
				CLANG_CXX_LIBRARY = "libc++";
				CLANG_ENABLE_MODULES = YES;
				CLANG_ENABLE_OBJC_ARC = YES;
				CLANG_ENABLE_OBJC_WEAK = YES;
				CLANG_WARN_BLOCK_CAPTURE_AUTORELEASING = YES;
				CLANG_WARN_BOOL_CONVERSION = YES;
				CLANG_WARN_COMMA = YES;
				CLANG_WARN_CONSTANT_CONVERSION = YES;
				CLANG_WARN_DEPRECATED_OBJC_IMPLEMENTATIONS = YES;
				CLANG_WARN_DIRECT_OBJC_ISA_USAGE = YES_ERROR;
				CLANG_WARN_DOCUMENTATION_COMMENTS = YES;
				CLANG_WARN_EMPTY_BODY = YES;
				CLANG_WARN_ENUM_CONVERSION = YES;
				CLANG_WARN_INFINITE_RECURSION = YES;
				CLANG_WARN_INT_CONVERSION = YES;
				CLANG_WARN_NON_LITERAL_NULL_CONVERSION = YES;
				CLANG_WARN_OBJC_IMPLICIT_RETAIN_SELF = YES;
				CLANG_WARN_OBJC_LITERAL_CONVERSION = YES;
				CLANG_WARN_OBJC_ROOT_CLASS = YES_ERROR;
				CLANG_WARN_RANGE_LOOP_ANALYSIS = YES;
				CLANG_WARN_STRICT_PROTOTYPES = YES;
				CLANG_WARN_SUSPICIOUS_MOVE = YES;
				CLANG_WARN_UNGUARDED_AVAILABILITY = YES_AGGRESSIVE;
				CLANG_WARN_UNREACHABLE_CODE = YES;
				CLANG_WARN__DUPLICATE_METHOD_MATCH = YES;
				CODE_SIGN_IDENTITY = "iPhone Developer";
				COPY_PHASE_STRIP = NO;
				DEBUG_INFORMATION_FORMAT = "dwarf-with-dsym";
				ENABLE_NS_ASSERTIONS = NO;
				ENABLE_STRICT_OBJC_MSGSEND = YES;
				GCC_C_LANGUAGE_STANDARD = gnu11;
				GCC_NO_COMMON_BLOCKS = YES;
				GCC_WARN_64_TO_32_BIT_CONVERSION = YES;
				GCC_WARN_ABOUT_RETURN_TYPE = YES_ERROR;
				GCC_WARN_UNDECLARED_SELECTOR = YES;
				GCC_WARN_UNINITIALIZED_AUTOS = YES_AGGRESSIVE;
				GCC_WARN_UNUSED_FUNCTION = YES;
				GCC_WARN_UNUSED_VARIABLE = YES;
				IPHONEOS_DEPLOYMENT_TARGET = 12.2;
				MTL_ENABLE_DEBUG_INFO = NO;
				MTL_FAST_MATH = YES;
				SDKROOT = iphoneos;
				SWIFT_COMPILATION_MODE = wholemodule;
				SWIFT_OPTIMIZATION_LEVEL = "-O";
				VALIDATE_PRODUCT = YES;
			};
			name = Release;
		};
		1B4FFBEF2257774B004673D8 /* Debug */ = {
			isa = XCBuildConfiguration;
			buildSettings = {
				ASSETCATALOG_COMPILER_APPICON_NAME = AppIcon;
				CODE_SIGN_STYLE = Automatic;
				DEVELOPMENT_TEAM = "";
				INFOPLIST_FILE = loaderUsingAnimations/Info.plist;
				IPHONEOS_DEPLOYMENT_TARGET = 11.0;
				LD_RUNPATH_SEARCH_PATHS = (
					"$(inherited)",
					"@executable_path/Frameworks",
				);
				PRODUCT_BUNDLE_IDENTIFIER = com.hamza.loaderUsingAnimations;
				PRODUCT_NAME = "$(TARGET_NAME)";
				SWIFT_VERSION = 5.0;
				TARGETED_DEVICE_FAMILY = 1;
			};
			name = Debug;
		};
		1B4FFBF02257774B004673D8 /* Release */ = {
			isa = XCBuildConfiguration;
			buildSettings = {
				ASSETCATALOG_COMPILER_APPICON_NAME = AppIcon;
				CODE_SIGN_STYLE = Automatic;
				DEVELOPMENT_TEAM = "";
				INFOPLIST_FILE = loaderUsingAnimations/Info.plist;
				IPHONEOS_DEPLOYMENT_TARGET = 11.0;
				LD_RUNPATH_SEARCH_PATHS = (
					"$(inherited)",
					"@executable_path/Frameworks",
				);
				PRODUCT_BUNDLE_IDENTIFIER = com.hamza.loaderUsingAnimations;
				PRODUCT_NAME = "$(TARGET_NAME)";
				SWIFT_VERSION = 5.0;
				TARGETED_DEVICE_FAMILY = 1;
			};
			name = Release;
		};
/* End XCBuildConfiguration section */

/* Begin XCConfigurationList section */
		1B4FFBD722577749004673D8 /* Build configuration list for PBXProject "loaderUsingAnimations" */ = {
			isa = XCConfigurationList;
			buildConfigurations = (
				1B4FFBEC2257774B004673D8 /* Debug */,
				1B4FFBED2257774B004673D8 /* Release */,
			);
			defaultConfigurationIsVisible = 0;
			defaultConfigurationName = Release;
		};
		1B4FFBEE2257774B004673D8 /* Build configuration list for PBXNativeTarget "loaderUsingAnimations" */ = {
			isa = XCConfigurationList;
			buildConfigurations = (
				1B4FFBEF2257774B004673D8 /* Debug */,
				1B4FFBF02257774B004673D8 /* Release */,
			);
			defaultConfigurationIsVisible = 0;
			defaultConfigurationName = Release;
		};
/* End XCConfigurationList section */
	};
	rootObject = 1B4FFBD422577749004673D8 /* Project object */;
}
